
Microsoft Visual Studio Solution File, Format Version 12.00
# Visual Studio 15
Project("{FAE04EC0-301F-11D3-BF4B-00C04F79EFBC}") = "GraphQLApp.Android", "GraphQLApp.Android\GraphQLApp.Android.csproj", "{70283DA8-7F50-4627-B397-8A7A2BECBA03}"
EndProject
Project("{FAE04EC0-301F-11D3-BF4B-00C04F79EFBC}") = "GraphQLApp.iOS", "GraphQLApp.iOS\GraphQLApp.iOS.csproj", "{BB966C00-E28E-4CAC-8FE4-D1B994E63024}"
EndProject
Project("{FAE04EC0-301F-11D3-BF4B-00C04F79EFBC}") = "GraphQLApp.UITests", "GraphQLApp.UITests\GraphQLApp.UITests.csproj", "{61B50DA7-23BF-4ECD-A52F-FE52A6D438A4}"
EndProject
Project("{FAE04EC0-301F-11D3-BF4B-00C04F79EFBC}") = "GraphQLApp", "GraphQLApp\GraphQLApp.csproj", "{7C52266C-8911-4476-A223-4F7B3917ED31}"
EndProject
Global
	GlobalSection(SolutionConfigurationPlatforms) = preSolution
		Debug|Any CPU = Debug|Any CPU
		Release|Any CPU = Release|Any CPU
		Debug|iPhoneSimulator = Debug|iPhoneSimulator
		Release|iPhoneSimulator = Release|iPhoneSimulator
		Debug|iPhone = Debug|iPhone
		Release|iPhone = Release|iPhone
	EndGlobalSection
	GlobalSection(ProjectConfigurationPlatforms) = postSolution
		{70283DA8-7F50-4627-B397-8A7A2BECBA03}.Debug|Any CPU.ActiveCfg = Debug|Any CPU
		{70283DA8-7F50-4627-B397-8A7A2BECBA03}.Debug|Any CPU.Build.0 = Debug|Any CPU
		{70283DA8-7F50-4627-B397-8A7A2BECBA03}.Release|Any CPU.ActiveCfg = Release|Any CPU
		{70283DA8-7F50-4627-B397-8A7A2BECBA03}.Release|Any CPU.Build.0 = Release|Any CPU
		{70283DA8-7F50-4627-B397-8A7A2BECBA03}.Debug|iPhoneSimulator.ActiveCfg = Debug|Any CPU
		{70283DA8-7F50-4627-B397-8A7A2BECBA03}.Debug|iPhoneSimulator.Build.0 = Debug|Any CPU
		{70283DA8-7F50-4627-B397-8A7A2BECBA03}.Release|iPhoneSimulator.ActiveCfg = Release|Any CPU
		{70283DA8-7F50-4627-B397-8A7A2BECBA03}.Release|iPhoneSimulator.Build.0 = Release|Any CPU
		{70283DA8-7F50-4627-B397-8A7A2BECBA03}.Debug|iPhone.ActiveCfg = Debug|Any CPU
		{70283DA8-7F50-4627-B397-8A7A2BECBA03}.Debug|iPhone.Build.0 = Debug|Any CPU
		{70283DA8-7F50-4627-B397-8A7A2BECBA03}.Release|iPhone.ActiveCfg = Release|Any CPU
		{70283DA8-7F50-4627-B397-8A7A2BECBA03}.Release|iPhone.Build.0 = Release|Any CPU
		{BB966C00-E28E-4CAC-8FE4-D1B994E63024}.Debug|Any CPU.ActiveCfg = Debug|iPhoneSimulator
		{BB966C00-E28E-4CAC-8FE4-D1B994E63024}.Debug|Any CPU.Build.0 = Debug|iPhoneSimulator
		{BB966C00-E28E-4CAC-8FE4-D1B994E63024}.Release|Any CPU.ActiveCfg = Release|iPhoneSimulator
		{BB966C00-E28E-4CAC-8FE4-D1B994E63024}.Release|Any CPU.Build.0 = Release|iPhoneSimulator
		{BB966C00-E28E-4CAC-8FE4-D1B994E63024}.Debug|iPhoneSimulator.ActiveCfg = Debug|iPhoneSimulator
		{BB966C00-E28E-4CAC-8FE4-D1B994E63024}.Debug|iPhoneSimulator.Build.0 = Debug|iPhoneSimulator
		{BB966C00-E28E-4CAC-8FE4-D1B994E63024}.Release|iPhoneSimulator.ActiveCfg = Release|iPhoneSimulator
		{BB966C00-E28E-4CAC-8FE4-D1B994E63024}.Release|iPhoneSimulator.Build.0 = Release|iPhoneSimulator
		{BB966C00-E28E-4CAC-8FE4-D1B994E63024}.Debug|iPhone.ActiveCfg = Debug|iPhone
		{BB966C00-E28E-4CAC-8FE4-D1B994E63024}.Debug|iPhone.Build.0 = Debug|iPhone
		{BB966C00-E28E-4CAC-8FE4-D1B994E63024}.Release|iPhone.ActiveCfg = Release|iPhone
		{BB966C00-E28E-4CAC-8FE4-D1B994E63024}.Release|iPhone.Build.0 = Release|iPhone
		{61B50DA7-23BF-4ECD-A52F-FE52A6D438A4}.Debug|Any CPU.ActiveCfg = Debug|Any CPU
		{61B50DA7-23BF-4ECD-A52F-FE52A6D438A4}.Debug|Any CPU.Build.0 = Debug|Any CPU
		{61B50DA7-23BF-4ECD-A52F-FE52A6D438A4}.Release|Any CPU.ActiveCfg = Release|Any CPU
		{61B50DA7-23BF-4ECD-A52F-FE52A6D438A4}.Release|Any CPU.Build.0 = Release|Any CPU
		{61B50DA7-23BF-4ECD-A52F-FE52A6D438A4}.Debug|iPhoneSimulator.ActiveCfg = Debug|Any CPU
		{61B50DA7-23BF-4ECD-A52F-FE52A6D438A4}.Debug|iPhoneSimulator.Build.0 = Debug|Any CPU
		{61B50DA7-23BF-4ECD-A52F-FE52A6D438A4}.Release|iPhoneSimulator.ActiveCfg = Release|Any CPU
		{61B50DA7-23BF-4ECD-A52F-FE52A6D438A4}.Release|iPhoneSimulator.Build.0 = Release|Any CPU
		{61B50DA7-23BF-4ECD-A52F-FE52A6D438A4}.Debug|iPhone.ActiveCfg = Debug|Any CPU
		{61B50DA7-23BF-4ECD-A52F-FE52A6D438A4}.Debug|iPhone.Build.0 = Debug|Any CPU
		{61B50DA7-23BF-4ECD-A52F-FE52A6D438A4}.Release|iPhone.ActiveCfg = Release|Any CPU
		{61B50DA7-23BF-4ECD-A52F-FE52A6D438A4}.Release|iPhone.Build.0 = Release|Any CPU
		{7C52266C-8911-4476-A223-4F7B3917ED31}.Debug|Any CPU.ActiveCfg = Debug|Any CPU
		{7C52266C-8911-4476-A223-4F7B3917ED31}.Debug|Any CPU.Build.0 = Debug|Any CPU
		{7C52266C-8911-4476-A223-4F7B3917ED31}.Release|Any CPU.ActiveCfg = Release|Any CPU
		{7C52266C-8911-4476-A223-4F7B3917ED31}.Release|Any CPU.Build.0 = Release|Any CPU
		{7C52266C-8911-4476-A223-4F7B3917ED31}.Debug|iPhoneSimulator.ActiveCfg = Debug|Any CPU
		{7C52266C-8911-4476-A223-4F7B3917ED31}.Debug|iPhoneSimulator.Build.0 = Debug|Any CPU
		{7C52266C-8911-4476-A223-4F7B3917ED31}.Release|iPhoneSimulator.ActiveCfg = Release|Any CPU
		{7C52266C-8911-4476-A223-4F7B3917ED31}.Release|iPhoneSimulator.Build.0 = Release|Any CPU
		{7C52266C-8911-4476-A223-4F7B3917ED31}.Debug|iPhone.ActiveCfg = Debug|Any CPU
		{7C52266C-8911-4476-A223-4F7B3917ED31}.Debug|iPhone.Build.0 = Debug|Any CPU
		{7C52266C-8911-4476-A223-4F7B3917ED31}.Release|iPhone.ActiveCfg = Release|Any CPU
		{7C52266C-8911-4476-A223-4F7B3917ED31}.Release|iPhone.Build.0 = Release|Any CPU
	EndGlobalSection
EndGlobal
